github.com/ardanlabs/conf v1.5.0 h1:5TwP6Wu9Xi07eLFEpiCUF3oQXh9UzHMDVnD3u/I5d5c=
github.com/ardanlabs/conf v1.5.0/go.mod h1:ILsMo9dMqYzCxDjDXTiwMI0IgxOJd0MOiucbQY2wlJw=
github.com/google/go-cmp v0.3.1/go.mod h1:8QqcDgzrUqlUb/G2PQTWiueGozuR1884gddMywk6iLU=
github.com/google/go-cmp v0.5.8 h1:e6P7q2lk1O+qJJb4BtCQXlK8vWEO8V1ZeuEdJNOqZyg=
github.com/google/go-cmp v0.5.8/go.mod h1:17dUlkBOakJ0+DkrSSNjCkIjxS6bF9zb3elmeNGIjoY=
github.com/victorspringer/http-cache v0.0.0-20190721184638-fe78e97af707 h1:Pg/LJmFZnr+hlP9sohJKDaxi1nTSOPvGNo8dBBgRIkM=
github.com/victorspringer/http-cache v0.0.0-20190721184638-fe78e97af707/go.mod h1:V7CEaXWuLs0tH3DNWqJO+GVr8YgiAwRgBh76T4LNSPU=
